
Microsoft Visual Studio Solution File, Format Version 12.00
# Visual Studio Version 17
VisualStudioVersion = 17.14.36408.4
MinimumVisualStudioVersion = 10.0.40219.1
Project("{FAE04EC0-301F-11D3-BF4B-00C04F79EFBC}") = "Connect4_Server", "..\Connect4_Server\Connect4_Server.csproj", "{CD08FC63-435F-E95C-2B33-129C09229FE1}"
EndProject
Project("{FAE04EC0-301F-11D3-BF4B-00C04F79EFBC}") = "Connect4_Client", "..\Connect4_Client\Connect4_Client.csproj", "{4C0719D5-3C7F-44E2-9DBE-50653D0B6A6B}"
EndProject
Global
	GlobalSection(SolutionConfigurationPlatforms) = preSolution
		Debug|Any CPU = Debug|Any CPU
		Release|Any CPU = Release|Any CPU
	EndGlobalSection
	GlobalSection(ProjectConfigurationPlatforms) = postSolution
		{CD08FC63-435F-E95C-2B33-129C09229FE1}.Debug|Any CPU.ActiveCfg = Debug|Any CPU
		{CD08FC63-435F-E95C-2B33-129C09229FE1}.Debug|Any CPU.Build.0 = Debug|Any CPU
		{CD08FC63-435F-E95C-2B33-129C09229FE1}.Release|Any CPU.ActiveCfg = Release|Any CPU
		{CD08FC63-435F-E95C-2B33-129C09229FE1}.Release|Any CPU.Build.0 = Release|Any CPU
		{4C0719D5-3C7F-44E2-9DBE-50653D0B6A6B}.Debug|Any CPU.ActiveCfg = Debug|Any CPU
		{4C0719D5-3C7F-44E2-9DBE-50653D0B6A6B}.Debug|Any CPU.Build.0 = Debug|Any CPU
		{4C0719D5-3C7F-44E2-9DBE-50653D0B6A6B}.Release|Any CPU.ActiveCfg = Release|Any CPU
		{4C0719D5-3C7F-44E2-9DBE-50653D0B6A6B}.Release|Any CPU.Build.0 = Release|Any CPU
	EndGlobalSection
	GlobalSection(SolutionProperties) = preSolution
		HideSolutionNode = FALSE
	EndGlobalSection
	GlobalSection(ExtensibilityGlobals) = postSolution
		SolutionGuid = {B8FC098D-7040-4CA0-896B-30CCA31C6A2B}
	EndGlobalSection
EndGlobal
