
Microsoft Visual Studio Solution File, Format Version 12.00
# Visual Studio Version 17
VisualStudioVersion = 17.14.36401.2 d17.14
MinimumVisualStudioVersion = 10.0.40219.1
Project("{FAE04EC0-301F-11D3-BF4B-00C04F79EFBC}") = "Connect4_Client", "Connect4_Client.csproj", "{4C0719D5-3C7F-44E2-9DBE-50653D0B6A6B}"
EndProject
Global
	GlobalSection(SolutionConfigurationPlatforms) = preSolution
		Debug|Any CPU = Debug|Any CPU
		Release|Any CPU = Release|Any CPU
	EndGlobalSection
	GlobalSection(ProjectConfigurationPlatforms) = postSolution
		{4C0719D5-3C7F-44E2-9DBE-50653D0B6A6B}.Debug|Any CPU.ActiveCfg = Debug|Any CPU
		{4C0719D5-3C7F-44E2-9DBE-50653D0B6A6B}.Debug|Any CPU.Build.0 = Debug|Any CPU
		{4C0719D5-3C7F-44E2-9DBE-50653D0B6A6B}.Release|Any CPU.ActiveCfg = Release|Any CPU
		{4C0719D5-3C7F-44E2-9DBE-50653D0B6A6B}.Release|Any CPU.Build.0 = Release|Any CPU
	EndGlobalSection
	GlobalSection(SolutionProperties) = preSolution
		HideSolutionNode = FALSE
	EndGlobalSection
	GlobalSection(ExtensibilityGlobals) = postSolution
		SolutionGuid = {72A4A893-6EF9-451F-849C-E8A6387DAD65}
	EndGlobalSection
EndGlobal
